
Microsoft Visual Studio Solution File, Format Version 12.00
# Visual Studio Version 17
VisualStudioVersion = 17.6.33829.357
MinimumVisualStudioVersion = 10.0.40219.1
Project("{FAE04EC0-301F-11D3-BF4B-00C04F79EFBC}") = "Habit-tracker", "Habit-tracker.csproj", "{46054466-AEF2-42D9-992C-EE58CFFE28C8}"
EndProject
Global
	GlobalSection(SolutionConfigurationPlatforms) = preSolution
		Debug|Any CPU = Debug|Any CPU
		Release|Any CPU = Release|Any CPU
	EndGlobalSection
	GlobalSection(ProjectConfigurationPlatforms) = postSolution
		{46054466-AEF2-42D9-992C-EE58CFFE28C8}.Debug|Any CPU.ActiveCfg = Debug|Any CPU
		{46054466-AEF2-42D9-992C-EE58CFFE28C8}.Debug|Any CPU.Build.0 = Debug|Any CPU
		{46054466-AEF2-42D9-992C-EE58CFFE28C8}.Release|Any CPU.ActiveCfg = Release|Any CPU
		{46054466-AEF2-42D9-992C-EE58CFFE28C8}.Release|Any CPU.Build.0 = Release|Any CPU
	EndGlobalSection
	GlobalSection(SolutionProperties) = preSolution
		HideSolutionNode = FALSE
	EndGlobalSection
	GlobalSection(ExtensibilityGlobals) = postSolution
		SolutionGuid = {1024D3F1-3901-439C-AB01-7FEC680F19C4}
	EndGlobalSection
EndGlobal
